
Microsoft Visual Studio Solution File, Format Version 12.00
# Visual Studio Version 17
VisualStudioVersion = 17.2.32630.192
MinimumVisualStudioVersion = 10.0.40219.1
Project("{888888A0-9F3D-457C-B088-3A5042F75D52}") = "Dice App", "Dice App.pyproj", "{9F0C500B-43A6-4ED5-BFB2-ED2BD0DEA956}"
EndProject
Global
	GlobalSection(SolutionConfigurationPlatforms) = preSolution
		Debug|Any CPU = Debug|Any CPU
		Release|Any CPU = Release|Any CPU
	EndGlobalSection
	GlobalSection(ProjectConfigurationPlatforms) = postSolution
		{9F0C500B-43A6-4ED5-BFB2-ED2BD0DEA956}.Debug|Any CPU.ActiveCfg = Debug|Any CPU
		{9F0C500B-43A6-4ED5-BFB2-ED2BD0DEA956}.Release|Any CPU.ActiveCfg = Release|Any CPU
	EndGlobalSection
	GlobalSection(SolutionProperties) = preSolution
		HideSolutionNode = FALSE
	EndGlobalSection
	GlobalSection(ExtensibilityGlobals) = postSolution
		SolutionGuid = {C6C30498-01F8-4B34-93BC-03627425FADD}
	EndGlobalSection
EndGlobal
